
Microsoft Visual Studio Solution File, Format Version 12.00
Project("{FAE04EC0-301F-11D3-BF4B-00C04F79EFBC}") = "TestProject.Migrations", "TestProject.Migrations\TestProject.Migrations.csproj", "{72C70F8D-A117-461C-A7B4-E3EDA9DFBDA0}"
EndProject
Project("{FAE04EC0-301F-11D3-BF4B-00C04F79EFBC}") = "TestProject.Shared", "TestProject.Shared\TestProject.Shared.csproj", "{83BC8E81-0B8C-4FF7-A34A-96D8F53F588F}"
EndProject
Project("{FAE04EC0-301F-11D3-BF4B-00C04F79EFBC}") = "TestProject.CurrencyUpdater", "TestProject.CurrencyUpdater\TestProject.CurrencyUpdater.csproj", "{BA59D83F-FDAA-46C5-B840-7C001BD010DD}"
EndProject
Project("{FAE04EC0-301F-11D3-BF4B-00C04F79EFBC}") = "TestProject.UserService.Domain", "TestProject.UserService.Domain\TestProject.UserService.Domain.csproj", "{5B87C34B-37BD-41E1-A42A-7A98068FE3A9}"
EndProject
Project("{FAE04EC0-301F-11D3-BF4B-00C04F79EFBC}") = "TestProject.UserService.Application", "TestProject.UserService.Application\TestProject.UserService.Application.csproj", "{E7176899-D660-40B1-A4EB-F56F33D86321}"
EndProject
Project("{FAE04EC0-301F-11D3-BF4B-00C04F79EFBC}") = "TestProject.UserService.Infrastructure", "TestProject.UserService.Infrastructure\TestProject.UserService.Infrastructure.csproj", "{75090C69-4E93-48A2-8634-12E5C32360D8}"
EndProject
Project("{FAE04EC0-301F-11D3-BF4B-00C04F79EFBC}") = "TestProject.UserService.WebApi", "TestProject.UserService.WebApi\TestProject.UserService.WebApi.csproj", "{DA43D96F-9F92-45DD-B707-AB0420DEE5BF}"
EndProject
Global
	GlobalSection(SolutionConfigurationPlatforms) = preSolution
		Debug|Any CPU = Debug|Any CPU
		Release|Any CPU = Release|Any CPU
	EndGlobalSection
	GlobalSection(ProjectConfigurationPlatforms) = postSolution
		{72C70F8D-A117-461C-A7B4-E3EDA9DFBDA0}.Debug|Any CPU.ActiveCfg = Debug|Any CPU
		{72C70F8D-A117-461C-A7B4-E3EDA9DFBDA0}.Debug|Any CPU.Build.0 = Debug|Any CPU
		{72C70F8D-A117-461C-A7B4-E3EDA9DFBDA0}.Release|Any CPU.ActiveCfg = Release|Any CPU
		{72C70F8D-A117-461C-A7B4-E3EDA9DFBDA0}.Release|Any CPU.Build.0 = Release|Any CPU
		{83BC8E81-0B8C-4FF7-A34A-96D8F53F588F}.Debug|Any CPU.ActiveCfg = Debug|Any CPU
		{83BC8E81-0B8C-4FF7-A34A-96D8F53F588F}.Debug|Any CPU.Build.0 = Debug|Any CPU
		{83BC8E81-0B8C-4FF7-A34A-96D8F53F588F}.Release|Any CPU.ActiveCfg = Release|Any CPU
		{83BC8E81-0B8C-4FF7-A34A-96D8F53F588F}.Release|Any CPU.Build.0 = Release|Any CPU
		{BA59D83F-FDAA-46C5-B840-7C001BD010DD}.Debug|Any CPU.ActiveCfg = Debug|Any CPU
		{BA59D83F-FDAA-46C5-B840-7C001BD010DD}.Debug|Any CPU.Build.0 = Debug|Any CPU
		{BA59D83F-FDAA-46C5-B840-7C001BD010DD}.Release|Any CPU.ActiveCfg = Release|Any CPU
		{BA59D83F-FDAA-46C5-B840-7C001BD010DD}.Release|Any CPU.Build.0 = Release|Any CPU
		{5B87C34B-37BD-41E1-A42A-7A98068FE3A9}.Debug|Any CPU.ActiveCfg = Debug|Any CPU
		{5B87C34B-37BD-41E1-A42A-7A98068FE3A9}.Debug|Any CPU.Build.0 = Debug|Any CPU
		{5B87C34B-37BD-41E1-A42A-7A98068FE3A9}.Release|Any CPU.ActiveCfg = Release|Any CPU
		{5B87C34B-37BD-41E1-A42A-7A98068FE3A9}.Release|Any CPU.Build.0 = Release|Any CPU
		{E7176899-D660-40B1-A4EB-F56F33D86321}.Debug|Any CPU.ActiveCfg = Debug|Any CPU
		{E7176899-D660-40B1-A4EB-F56F33D86321}.Debug|Any CPU.Build.0 = Debug|Any CPU
		{E7176899-D660-40B1-A4EB-F56F33D86321}.Release|Any CPU.ActiveCfg = Release|Any CPU
		{E7176899-D660-40B1-A4EB-F56F33D86321}.Release|Any CPU.Build.0 = Release|Any CPU
		{75090C69-4E93-48A2-8634-12E5C32360D8}.Debug|Any CPU.ActiveCfg = Debug|Any CPU
		{75090C69-4E93-48A2-8634-12E5C32360D8}.Debug|Any CPU.Build.0 = Debug|Any CPU
		{75090C69-4E93-48A2-8634-12E5C32360D8}.Release|Any CPU.ActiveCfg = Release|Any CPU
		{75090C69-4E93-48A2-8634-12E5C32360D8}.Release|Any CPU.Build.0 = Release|Any CPU
		{DA43D96F-9F92-45DD-B707-AB0420DEE5BF}.Debug|Any CPU.ActiveCfg = Debug|Any CPU
		{DA43D96F-9F92-45DD-B707-AB0420DEE5BF}.Debug|Any CPU.Build.0 = Debug|Any CPU
		{DA43D96F-9F92-45DD-B707-AB0420DEE5BF}.Release|Any CPU.ActiveCfg = Release|Any CPU
		{DA43D96F-9F92-45DD-B707-AB0420DEE5BF}.Release|Any CPU.Build.0 = Release|Any CPU
	EndGlobalSection
EndGlobal
