
Microsoft Visual Studio Solution File, Format Version 12.00
# Visual Studio Version 16
VisualStudioVersion = 16.0.31410.357
MinimumVisualStudioVersion = 10.0.40219.1
Project("{9A19103F-16F7-4668-BE54-9A1E7A4F7556}") = "CSVWorker", "CSVWorker\CSVWorker.csproj", "{AF415048-E428-442A-9969-649E1ED4A5F2}"
EndProject
Global
	GlobalSection(SolutionConfigurationPlatforms) = preSolution
		Debug|Any CPU = Debug|Any CPU
		Release|Any CPU = Release|Any CPU
	EndGlobalSection
	GlobalSection(ProjectConfigurationPlatforms) = postSolution
		{AF415048-E428-442A-9969-649E1ED4A5F2}.Debug|Any CPU.ActiveCfg = Debug|Any CPU
		{AF415048-E428-442A-9969-649E1ED4A5F2}.Debug|Any CPU.Build.0 = Debug|Any CPU
		{AF415048-E428-442A-9969-649E1ED4A5F2}.Release|Any CPU.ActiveCfg = Release|Any CPU
		{AF415048-E428-442A-9969-649E1ED4A5F2}.Release|Any CPU.Build.0 = Release|Any CPU
	EndGlobalSection
	GlobalSection(SolutionProperties) = preSolution
		HideSolutionNode = FALSE
	EndGlobalSection
	GlobalSection(ExtensibilityGlobals) = postSolution
		SolutionGuid = {1AD901D5-FE2B-4780-B941-A5323F92B08C}
	EndGlobalSection
EndGlobal
